
Microsoft Visual Studio Solution File, Format Version 12.00
# Visual Studio Version 16
VisualStudioVersion = 16.0.30523.141
MinimumVisualStudioVersion = 10.0.40219.1
Project("{FAE04EC0-301F-11D3-BF4B-00C04F79EFBC}") = "WordsAnalyzering", "WordsAnalyzering\WordsAnalyzering.csproj", "{B0588C0D-8D4C-4BE5-B823-F5378FA6103E}"
EndProject
Global
	GlobalSection(SolutionConfigurationPlatforms) = preSolution
		Debug|Any CPU = Debug|Any CPU
		Release|Any CPU = Release|Any CPU
	EndGlobalSection
	GlobalSection(ProjectConfigurationPlatforms) = postSolution
		{B0588C0D-8D4C-4BE5-B823-F5378FA6103E}.Debug|Any CPU.ActiveCfg = Debug|Any CPU
		{B0588C0D-8D4C-4BE5-B823-F5378FA6103E}.Debug|Any CPU.Build.0 = Debug|Any CPU
		{B0588C0D-8D4C-4BE5-B823-F5378FA6103E}.Release|Any CPU.ActiveCfg = Release|Any CPU
		{B0588C0D-8D4C-4BE5-B823-F5378FA6103E}.Release|Any CPU.Build.0 = Release|Any CPU
	EndGlobalSection
	GlobalSection(SolutionProperties) = preSolution
		HideSolutionNode = FALSE
	EndGlobalSection
	GlobalSection(ExtensibilityGlobals) = postSolution
		SolutionGuid = {9A39AC0F-BCAF-4548-B89F-57CF54CDF868}
	EndGlobalSection
EndGlobal
